
Microsoft Visual Studio Solution File, Format Version 12.00
# Visual Studio Version 16
VisualStudioVersion = 16.0.30907.101
MinimumVisualStudioVersion = 10.0.40219.1
Project("{8BC9CEB8-8B4A-11D0-8D11-00A0C91BC942}") = "HelloWorld", "HelloWorld\HelloWorld.vcxproj", "{3C692BCE-AD19-4BDC-B483-E65DF89B65F2}"
EndProject
Project("{8BC9CEB8-8B4A-11D0-8D11-00A0C91BC942}") = "TiposDeDados", "TiposDeDados\TiposDeDados.vcxproj", "{5713B105-E808-41B5-9139-2C6CCAEE47F0}"
EndProject
Project("{8BC9CEB8-8B4A-11D0-8D11-00A0C91BC942}") = "VariaveisQualificadores", "VariaveisQualificadores\VariaveisQualificadores.vcxproj", "{43B3E281-E8CB-45FD-90FE-9BFE25D2467E}"
EndProject
Project("{8BC9CEB8-8B4A-11D0-8D11-00A0C91BC942}") = "Operadores", "Operadores\Operadores.vcxproj", "{91EBE7CB-2CD9-49C5-BA81-D715E509A5D4}"
EndProject
Project("{8BC9CEB8-8B4A-11D0-8D11-00A0C91BC942}") = "Conversao", "Conversao\Conversao.vcxproj", "{D6EE5659-400B-4834-8CC4-A8DD4965AD44}"
EndProject
Project("{8BC9CEB8-8B4A-11D0-8D11-00A0C91BC942}") = "Sentencas", "Sentencas\Sentencas.vcxproj", "{3EFF395B-60FB-4802-8B96-E3EAE3057DC8}"
EndProject
Project("{8BC9CEB8-8B4A-11D0-8D11-00A0C91BC942}") = "ArraysString", "ArraysString\ArraysString.vcxproj", "{BBFA39FD-59E3-41A7-AFC4-841A6B8F1D43}"
EndProject
Project("{8BC9CEB8-8B4A-11D0-8D11-00A0C91BC942}") = "Ponteiros", "Ponteiros\Ponteiros.vcxproj", "{D932C922-95FE-465C-B07C-9F8D144BABA8}"
EndProject
Project("{8BC9CEB8-8B4A-11D0-8D11-00A0C91BC942}") = "Funcao", "Funcao\Funcao.vcxproj", "{FDF7AF26-6695-4B02-B3AA-8ECF6073B19E}"
EndProject
Project("{8BC9CEB8-8B4A-11D0-8D11-00A0C91BC942}") = "Estruturas", "Estruturas\Estruturas.vcxproj", "{47E593CB-482B-4A9F-962A-DB27DD5E4EED}"
EndProject
Project("{8BC9CEB8-8B4A-11D0-8D11-00A0C91BC942}") = "ConsoleIO", "ConsoleIO\ConsoleIO.vcxproj", "{BB096AE3-4481-412D-B9C6-EFAB3F2C21D3}"
EndProject
Project("{8BC9CEB8-8B4A-11D0-8D11-00A0C91BC942}") = "FileIO", "FileIO\FileIO.vcxproj", "{8921693D-7A50-4627-853A-5584048EEE4C}"
EndProject
Global
	GlobalSection(SolutionConfigurationPlatforms) = preSolution
		Debug|x64 = Debug|x64
		Debug|x86 = Debug|x86
		Release|x64 = Release|x64
		Release|x86 = Release|x86
	EndGlobalSection
	GlobalSection(ProjectConfigurationPlatforms) = postSolution
		{3C692BCE-AD19-4BDC-B483-E65DF89B65F2}.Debug|x64.ActiveCfg = Debug|x64
		{3C692BCE-AD19-4BDC-B483-E65DF89B65F2}.Debug|x64.Build.0 = Debug|x64
		{3C692BCE-AD19-4BDC-B483-E65DF89B65F2}.Debug|x86.ActiveCfg = Debug|Win32
		{3C692BCE-AD19-4BDC-B483-E65DF89B65F2}.Debug|x86.Build.0 = Debug|Win32
		{3C692BCE-AD19-4BDC-B483-E65DF89B65F2}.Release|x64.ActiveCfg = Release|x64
		{3C692BCE-AD19-4BDC-B483-E65DF89B65F2}.Release|x64.Build.0 = Release|x64
		{3C692BCE-AD19-4BDC-B483-E65DF89B65F2}.Release|x86.ActiveCfg = Release|Win32
		{3C692BCE-AD19-4BDC-B483-E65DF89B65F2}.Release|x86.Build.0 = Release|Win32
		{5713B105-E808-41B5-9139-2C6CCAEE47F0}.Debug|x64.ActiveCfg = Debug|x64
		{5713B105-E808-41B5-9139-2C6CCAEE47F0}.Debug|x64.Build.0 = Debug|x64
		{5713B105-E808-41B5-9139-2C6CCAEE47F0}.Debug|x86.ActiveCfg = Debug|Win32
		{5713B105-E808-41B5-9139-2C6CCAEE47F0}.Debug|x86.Build.0 = Debug|Win32
		{5713B105-E808-41B5-9139-2C6CCAEE47F0}.Release|x64.ActiveCfg = Release|x64
		{5713B105-E808-41B5-9139-2C6CCAEE47F0}.Release|x64.Build.0 = Release|x64
		{5713B105-E808-41B5-9139-2C6CCAEE47F0}.Release|x86.ActiveCfg = Release|Win32
		{5713B105-E808-41B5-9139-2C6CCAEE47F0}.Release|x86.Build.0 = Release|Win32
		{43B3E281-E8CB-45FD-90FE-9BFE25D2467E}.Debug|x64.ActiveCfg = Debug|x64
		{43B3E281-E8CB-45FD-90FE-9BFE25D2467E}.Debug|x64.Build.0 = Debug|x64
		{43B3E281-E8CB-45FD-90FE-9BFE25D2467E}.Debug|x86.ActiveCfg = Debug|Win32
		{43B3E281-E8CB-45FD-90FE-9BFE25D2467E}.Debug|x86.Build.0 = Debug|Win32
		{43B3E281-E8CB-45FD-90FE-9BFE25D2467E}.Release|x64.ActiveCfg = Release|x64
		{43B3E281-E8CB-45FD-90FE-9BFE25D2467E}.Release|x64.Build.0 = Release|x64
		{43B3E281-E8CB-45FD-90FE-9BFE25D2467E}.Release|x86.ActiveCfg = Release|Win32
		{43B3E281-E8CB-45FD-90FE-9BFE25D2467E}.Release|x86.Build.0 = Release|Win32
		{91EBE7CB-2CD9-49C5-BA81-D715E509A5D4}.Debug|x64.ActiveCfg = Debug|x64
		{91EBE7CB-2CD9-49C5-BA81-D715E509A5D4}.Debug|x64.Build.0 = Debug|x64
		{91EBE7CB-2CD9-49C5-BA81-D715E509A5D4}.Debug|x86.ActiveCfg = Debug|Win32
		{91EBE7CB-2CD9-49C5-BA81-D715E509A5D4}.Debug|x86.Build.0 = Debug|Win32
		{91EBE7CB-2CD9-49C5-BA81-D715E509A5D4}.Release|x64.ActiveCfg = Release|x64
		{91EBE7CB-2CD9-49C5-BA81-D715E509A5D4}.Release|x64.Build.0 = Release|x64
		{91EBE7CB-2CD9-49C5-BA81-D715E509A5D4}.Release|x86.ActiveCfg = Release|Win32
		{91EBE7CB-2CD9-49C5-BA81-D715E509A5D4}.Release|x86.Build.0 = Release|Win32
		{D6EE5659-400B-4834-8CC4-A8DD4965AD44}.Debug|x64.ActiveCfg = Debug|x64
		{D6EE5659-400B-4834-8CC4-A8DD4965AD44}.Debug|x64.Build.0 = Debug|x64
		{D6EE5659-400B-4834-8CC4-A8DD4965AD44}.Debug|x86.ActiveCfg = Debug|Win32
		{D6EE5659-400B-4834-8CC4-A8DD4965AD44}.Debug|x86.Build.0 = Debug|Win32
		{D6EE5659-400B-4834-8CC4-A8DD4965AD44}.Release|x64.ActiveCfg = Release|x64
		{D6EE5659-400B-4834-8CC4-A8DD4965AD44}.Release|x64.Build.0 = Release|x64
		{D6EE5659-400B-4834-8CC4-A8DD4965AD44}.Release|x86.ActiveCfg = Release|Win32
		{D6EE5659-400B-4834-8CC4-A8DD4965AD44}.Release|x86.Build.0 = Release|Win32
		{3EFF395B-60FB-4802-8B96-E3EAE3057DC8}.Debug|x64.ActiveCfg = Debug|x64
		{3EFF395B-60FB-4802-8B96-E3EAE3057DC8}.Debug|x64.Build.0 = Debug|x64
		{3EFF395B-60FB-4802-8B96-E3EAE3057DC8}.Debug|x86.ActiveCfg = Debug|Win32
		{3EFF395B-60FB-4802-8B96-E3EAE3057DC8}.Debug|x86.Build.0 = Debug|Win32
		{3EFF395B-60FB-4802-8B96-E3EAE3057DC8}.Release|x64.ActiveCfg = Release|x64
		{3EFF395B-60FB-4802-8B96-E3EAE3057DC8}.Release|x64.Build.0 = Release|x64
		{3EFF395B-60FB-4802-8B96-E3EAE3057DC8}.Release|x86.ActiveCfg = Release|Win32
		{3EFF395B-60FB-4802-8B96-E3EAE3057DC8}.Release|x86.Build.0 = Release|Win32
		{BBFA39FD-59E3-41A7-AFC4-841A6B8F1D43}.Debug|x64.ActiveCfg = Debug|x64
		{BBFA39FD-59E3-41A7-AFC4-841A6B8F1D43}.Debug|x64.Build.0 = Debug|x64
		{BBFA39FD-59E3-41A7-AFC4-841A6B8F1D43}.Debug|x86.ActiveCfg = Debug|Win32
		{BBFA39FD-59E3-41A7-AFC4-841A6B8F1D43}.Debug|x86.Build.0 = Debug|Win32
		{BBFA39FD-59E3-41A7-AFC4-841A6B8F1D43}.Release|x64.ActiveCfg = Release|x64
		{BBFA39FD-59E3-41A7-AFC4-841A6B8F1D43}.Release|x64.Build.0 = Release|x64
		{BBFA39FD-59E3-41A7-AFC4-841A6B8F1D43}.Release|x86.ActiveCfg = Release|Win32
		{BBFA39FD-59E3-41A7-AFC4-841A6B8F1D43}.Release|x86.Build.0 = Release|Win32
		{D932C922-95FE-465C-B07C-9F8D144BABA8}.Debug|x64.ActiveCfg = Debug|x64
		{D932C922-95FE-465C-B07C-9F8D144BABA8}.Debug|x64.Build.0 = Debug|x64
		{D932C922-95FE-465C-B07C-9F8D144BABA8}.Debug|x86.ActiveCfg = Debug|Win32
		{D932C922-95FE-465C-B07C-9F8D144BABA8}.Debug|x86.Build.0 = Debug|Win32
		{D932C922-95FE-465C-B07C-9F8D144BABA8}.Release|x64.ActiveCfg = Release|x64
		{D932C922-95FE-465C-B07C-9F8D144BABA8}.Release|x64.Build.0 = Release|x64
		{D932C922-95FE-465C-B07C-9F8D144BABA8}.Release|x86.ActiveCfg = Release|Win32
		{D932C922-95FE-465C-B07C-9F8D144BABA8}.Release|x86.Build.0 = Release|Win32
		{FDF7AF26-6695-4B02-B3AA-8ECF6073B19E}.Debug|x64.ActiveCfg = Debug|x64
		{FDF7AF26-6695-4B02-B3AA-8ECF6073B19E}.Debug|x64.Build.0 = Debug|x64
		{FDF7AF26-6695-4B02-B3AA-8ECF6073B19E}.Debug|x86.ActiveCfg = Debug|Win32
		{FDF7AF26-6695-4B02-B3AA-8ECF6073B19E}.Debug|x86.Build.0 = Debug|Win32
		{FDF7AF26-6695-4B02-B3AA-8ECF6073B19E}.Release|x64.ActiveCfg = Release|x64
		{FDF7AF26-6695-4B02-B3AA-8ECF6073B19E}.Release|x64.Build.0 = Release|x64
		{FDF7AF26-6695-4B02-B3AA-8ECF6073B19E}.Release|x86.ActiveCfg = Release|Win32
		{FDF7AF26-6695-4B02-B3AA-8ECF6073B19E}.Release|x86.Build.0 = Release|Win32
		{47E593CB-482B-4A9F-962A-DB27DD5E4EED}.Debug|x64.ActiveCfg = Debug|x64
		{47E593CB-482B-4A9F-962A-DB27DD5E4EED}.Debug|x64.Build.0 = Debug|x64
		{47E593CB-482B-4A9F-962A-DB27DD5E4EED}.Debug|x86.ActiveCfg = Debug|Win32
		{47E593CB-482B-4A9F-962A-DB27DD5E4EED}.Debug|x86.Build.0 = Debug|Win32
		{47E593CB-482B-4A9F-962A-DB27DD5E4EED}.Release|x64.ActiveCfg = Release|x64
		{47E593CB-482B-4A9F-962A-DB27DD5E4EED}.Release|x64.Build.0 = Release|x64
		{47E593CB-482B-4A9F-962A-DB27DD5E4EED}.Release|x86.ActiveCfg = Release|Win32
		{47E593CB-482B-4A9F-962A-DB27DD5E4EED}.Release|x86.Build.0 = Release|Win32
		{BB096AE3-4481-412D-B9C6-EFAB3F2C21D3}.Debug|x64.ActiveCfg = Debug|x64
		{BB096AE3-4481-412D-B9C6-EFAB3F2C21D3}.Debug|x64.Build.0 = Debug|x64
		{BB096AE3-4481-412D-B9C6-EFAB3F2C21D3}.Debug|x86.ActiveCfg = Debug|Win32
		{BB096AE3-4481-412D-B9C6-EFAB3F2C21D3}.Debug|x86.Build.0 = Debug|Win32
		{BB096AE3-4481-412D-B9C6-EFAB3F2C21D3}.Release|x64.ActiveCfg = Release|x64
		{BB096AE3-4481-412D-B9C6-EFAB3F2C21D3}.Release|x64.Build.0 = Release|x64
		{BB096AE3-4481-412D-B9C6-EFAB3F2C21D3}.Release|x86.ActiveCfg = Release|Win32
		{BB096AE3-4481-412D-B9C6-EFAB3F2C21D3}.Release|x86.Build.0 = Release|Win32
		{8921693D-7A50-4627-853A-5584048EEE4C}.Debug|x64.ActiveCfg = Debug|x64
		{8921693D-7A50-4627-853A-5584048EEE4C}.Debug|x64.Build.0 = Debug|x64
		{8921693D-7A50-4627-853A-5584048EEE4C}.Debug|x86.ActiveCfg = Debug|Win32
		{8921693D-7A50-4627-853A-5584048EEE4C}.Debug|x86.Build.0 = Debug|Win32
		{8921693D-7A50-4627-853A-5584048EEE4C}.Release|x64.ActiveCfg = Release|x64
		{8921693D-7A50-4627-853A-5584048EEE4C}.Release|x64.Build.0 = Release|x64
		{8921693D-7A50-4627-853A-5584048EEE4C}.Release|x86.ActiveCfg = Release|Win32
		{8921693D-7A50-4627-853A-5584048EEE4C}.Release|x86.Build.0 = Release|Win32
	EndGlobalSection
	GlobalSection(SolutionProperties) = preSolution
		HideSolutionNode = FALSE
	EndGlobalSection
	GlobalSection(ExtensibilityGlobals) = postSolution
		SolutionGuid = {CAD6C54A-85A1-458C-A83B-C961CF33AB1F}
	EndGlobalSection
EndGlobal
